
Microsoft Visual Studio Solution File, Format Version 12.00
# Visual Studio 15
VisualStudioVersion = 15.0.28010.2036
MinimumVisualStudioVersion = 10.0.40219.1
Project("{FAE04EC0-301F-11D3-BF4B-00C04F79EFBC}") = "GrandCircusLab4", "GrandCircusLab4\GrandCircusLab4.csproj", "{12034A32-A0D0-4284-9340-F0AAEC694E71}"
EndProject
Global
	GlobalSection(SolutionConfigurationPlatforms) = preSolution
		Debug|Any CPU = Debug|Any CPU
		Release|Any CPU = Release|Any CPU
	EndGlobalSection
	GlobalSection(ProjectConfigurationPlatforms) = postSolution
		{12034A32-A0D0-4284-9340-F0AAEC694E71}.Debug|Any CPU.ActiveCfg = Debug|Any CPU
		{12034A32-A0D0-4284-9340-F0AAEC694E71}.Debug|Any CPU.Build.0 = Debug|Any CPU
		{12034A32-A0D0-4284-9340-F0AAEC694E71}.Release|Any CPU.ActiveCfg = Release|Any CPU
		{12034A32-A0D0-4284-9340-F0AAEC694E71}.Release|Any CPU.Build.0 = Release|Any CPU
	EndGlobalSection
	GlobalSection(SolutionProperties) = preSolution
		HideSolutionNode = FALSE
	EndGlobalSection
	GlobalSection(ExtensibilityGlobals) = postSolution
		SolutionGuid = {B71592A0-CE30-4989-A6A0-E5A8F7D495F6}
	EndGlobalSection
EndGlobal
